# THIS IS AN AUTOGENERATED FILE. DO NOT EDIT THIS FILE DIRECTLY.
# yarn lockfile v1


express-validator@^7.2.0:
  version "7.2.0"
  resolved "https://registry.yarnpkg.com/express-validator/-/express-validator-7.2.0.tgz#f6077758732d52e2365bb983b1abaca51bbefba6"
  integrity sha512-I2ByKD8panjtr8Y05l21Wph9xk7kk64UMyvJCl/fFM/3CTJq8isXYPLeKW/aZBCdb/LYNv63PwhY8khw8VWocA==
  dependencies:
    lodash "^4.17.21"
    validator "~13.12.0"

lodash@^4.17.21:
  version "4.17.21"
  resolved "https://registry.yarnpkg.com/lodash/-/lodash-4.17.21.tgz#679591c564c3bffaae8454cf0b3df370c3d6911c"
  integrity sha512-v2kDEe57lecTulaDIuNTPy3Ry4gLGJ6Z1O3vE1krgXZNrsQ+LFTGHVxVjcXPs17LhbZVGedAJv8XZ1tvj5FvSg==

validator@~13.12.0:
  version "13.12.0"
  resolved "https://registry.yarnpkg.com/validator/-/validator-13.12.0.tgz#7d78e76ba85504da3fee4fd1922b385914d4b35f"
  integrity sha512-c1Q0mCiPlgdTVVVIJIrBuxNicYE+t/7oKeI9MWLj3fh/uq2Pxh/3eeWbVZ4OcGW1TUf53At0njHw5SMdA3tmMg==
